github.com/ejyager00/nerdle/evaluate v0.0.0-20220219221419-5edb63788d78 h1:EWl9tivpQeJHG+JbtUMDY7ygnSuPpnxVeJ/XHh62Rcs=
github.com/ejyager00/nerdle/evaluate v0.0.0-20220219221419-5edb63788d78/go.mod h1:EU8V0LHqkxmx1ImcWuW05eQSXrrm9aoSE6itqfGHTAw=
github.com/ejyager00/nerdle/evaluate v0.0.0-20220221020858-85a4001636f3 h1:gfJmpjQXkfU8rCxjA+8HpPFn2c2T+oMJT2N1yeckH2E=
github.com/ejyager00/nerdle/evaluate v0.0.0-20220221020858-85a4001636f3/go.mod h1:EU8V0LHqkxmx1ImcWuW05eQSXrrm9aoSE6itqfGHTAw=
github.com/ejyager00/nerdle/nerdlegame v0.0.0-20220219221419-5edb63788d78 h1:ySEZAVV0RCoL3F9frOCf3DQ12Co0k7o36uBrnWF3reg=
github.com/ejyager00/nerdle/nerdlegame v0.0.0-20220219221419-5edb63788d78/go.mod h1:8MskcmkZgPQ9bKzqiIzMFsa57CVKi67nzyL+jRloNVs=
