github.com/ejyager00/nerdle/evaluate v0.0.0-20220219213611-bc037a405d3d h1:cRy/C6fnc3i56sQc8bnjvHr0a/7O9WAFLhkdpElJBgk=
github.com/ejyager00/nerdle/evaluate v0.0.0-20220219213611-bc037a405d3d/go.mod h1:EU8V0LHqkxmx1ImcWuW05eQSXrrm9aoSE6itqfGHTAw=
github.com/ejyager00/nerdle/nerdlegame v0.0.0-20220219213611-bc037a405d3d h1:0p7Jqi0wRTa+Yt+ANDDGiSG/13b0+XVBFgHELadnsqI=
github.com/ejyager00/nerdle/nerdlegame v0.0.0-20220219213611-bc037a405d3d/go.mod h1:8MskcmkZgPQ9bKzqiIzMFsa57CVKi67nzyL+jRloNVs=
